
Microsoft Visual Studio Solution File, Format Version 12.00
# Visual Studio Version 16
VisualStudioVersion = 16.0.31624.102
MinimumVisualStudioVersion = 10.0.40219.1
Project("{9A19103F-16F7-4668-BE54-9A1E7A4F7556}") = "PayslipGenerator.Application", "PayslipGenerator.Application\PayslipGenerator.Application.csproj", "{0F9FE045-3393-47E5-A71D-4BD44BC3EC1A}"
EndProject
Project("{2150E333-8FDC-42A3-9474-1A3956D46DE8}") = "Solution Items", "Solution Items", "{7BB96B99-7E60-49B4-A1B7-0362445015C2}"
	ProjectSection(SolutionItems) = preProject
		README.md = README.md
	EndProjectSection
EndProject
Project("{FAE04EC0-301F-11D3-BF4B-00C04F79EFBC}") = "PayslipGenerator.Domain", "PayslipGenerator.Domain\PayslipGenerator.Domain.csproj", "{ED0D8B01-ED8E-4E3A-93EF-A2D510C515A0}"
EndProject
Global
	GlobalSection(SolutionConfigurationPlatforms) = preSolution
		Debug|Any CPU = Debug|Any CPU
		Release|Any CPU = Release|Any CPU
	EndGlobalSection
	GlobalSection(ProjectConfigurationPlatforms) = postSolution
		{0F9FE045-3393-47E5-A71D-4BD44BC3EC1A}.Debug|Any CPU.ActiveCfg = Debug|Any CPU
		{0F9FE045-3393-47E5-A71D-4BD44BC3EC1A}.Debug|Any CPU.Build.0 = Debug|Any CPU
		{0F9FE045-3393-47E5-A71D-4BD44BC3EC1A}.Release|Any CPU.ActiveCfg = Release|Any CPU
		{0F9FE045-3393-47E5-A71D-4BD44BC3EC1A}.Release|Any CPU.Build.0 = Release|Any CPU
		{ED0D8B01-ED8E-4E3A-93EF-A2D510C515A0}.Debug|Any CPU.ActiveCfg = Debug|Any CPU
		{ED0D8B01-ED8E-4E3A-93EF-A2D510C515A0}.Debug|Any CPU.Build.0 = Debug|Any CPU
		{ED0D8B01-ED8E-4E3A-93EF-A2D510C515A0}.Release|Any CPU.ActiveCfg = Release|Any CPU
		{ED0D8B01-ED8E-4E3A-93EF-A2D510C515A0}.Release|Any CPU.Build.0 = Release|Any CPU
	EndGlobalSection
	GlobalSection(SolutionProperties) = preSolution
		HideSolutionNode = FALSE
	EndGlobalSection
	GlobalSection(ExtensibilityGlobals) = postSolution
		SolutionGuid = {B5D3F151-1F31-421A-8B90-6DD35E4EC468}
	EndGlobalSection
EndGlobal
